# THIS IS AN AUTOGENERATED FILE. DO NOT EDIT THIS FILE DIRECTLY.
# yarn lockfile v1


"@ewoudenberg/difflib@0.1.0":
  version "0.1.0"
  resolved "https://registry.yarnpkg.com/@ewoudenberg/difflib/-/difflib-0.1.0.tgz#a2ae5d3321ffa7c1b47691cf0db189d1264aaaa4"
  integrity sha512-OU5P5mJyD3OoWYMWY+yIgwvgNS9cFAU10f+DDuvtogcWQOoJIsQ4Hy2McSfUfhKjq8L0FuWVb4Rt7kgA+XK86A==
  dependencies:
    heap ">= 0.2.0"

chalk@^5.3.0:
  version "5.3.0"
  resolved "https://registry.yarnpkg.com/chalk/-/chalk-5.3.0.tgz#67c20a7ebef70e7f3970a01f90fa210cb6860385"
  integrity sha512-dLitG79d+GV1Nb/VYcCDFivJeK1hiukt9QjRNVOsUtTy1rR1YJsmpGGTZ3qJos+uw7WmWF4wUwBd9jxjocFC2w==

colors@^1.4.0:
  version "1.4.0"
  resolved "https://registry.yarnpkg.com/colors/-/colors-1.4.0.tgz#c50491479d4c1bdaed2c9ced32cf7c7dc2360f78"
  integrity sha512-a+UqTh4kgZg/SlGvfbzDHpgRu7AAQOmmqRHJnxhRZICKFUT91brVhNNt58CMWU9PsBbv3PDCZUHbVxuDiH2mtA==

commander@^11.1.0:
  version "11.1.0"
  resolved "https://registry.yarnpkg.com/commander/-/commander-11.1.0.tgz#62fdce76006a68e5c1ab3314dc92e800eb83d906"
  integrity sha512-yPVavfyCcRhmorC7rWlkHn15b4wDVgVmBA7kV4QVBsF7kv/9TKJAbAXVTxvTnwP8HHKjRCJDClKbciiYS7p0DQ==

dreamopt@~0.8.0:
  version "0.8.0"
  resolved "https://registry.yarnpkg.com/dreamopt/-/dreamopt-0.8.0.tgz#5bcc80be7097e45fc489c342405ab68140a8c1d9"
  integrity sha512-vyJTp8+mC+G+5dfgsY+r3ckxlz+QMX40VjPQsZc5gxVAxLmi64TBoVkP54A/pRAXMXsbu2GMMBrZPxNv23waMg==
  dependencies:
    wordwrap ">=0.0.2"

"heap@>= 0.2.0":
  version "0.2.7"
  resolved "https://registry.yarnpkg.com/heap/-/heap-0.2.7.tgz#1e6adf711d3f27ce35a81fe3b7bd576c2260a8fc"
  integrity sha512-2bsegYkkHO+h/9MGbn6KWcE45cHZgPANo5LXF7EvWdT0yT2EguSVO1nDgU5c8+ZOPwp2vMNa7YFsJhVcDR9Sdg==

json-diff@^1.0.6:
  version "1.0.6"
  resolved "https://registry.yarnpkg.com/json-diff/-/json-diff-1.0.6.tgz#63690f695469b6437efaed5bb3d51f011f7cac28"
  integrity sha512-tcFIPRdlc35YkYdGxcamJjllUhXWv4n2rK9oJ2RsAzV4FBkuV4ojKEDgcZ+kpKxDmJKv+PFK65+1tVVOnSeEqA==
  dependencies:
    "@ewoudenberg/difflib" "0.1.0"
    colors "^1.4.0"
    dreamopt "~0.8.0"

readline@^1.3.0:
  version "1.3.0"
  resolved "https://registry.yarnpkg.com/readline/-/readline-1.3.0.tgz#c580d77ef2cfc8752b132498060dc9793a7ac01c"
  integrity sha512-k2d6ACCkiNYz222Fs/iNze30rRJ1iIicW7JuX/7/cozvih6YCkFZH+J6mAFDVgv0dRBaAyr4jDqC95R2y4IADg==

wordwrap@>=0.0.2:
  version "1.0.0"
  resolved "https://registry.yarnpkg.com/wordwrap/-/wordwrap-1.0.0.tgz#27584810891456a4171c8d0226441ade90cbcaeb"
  integrity sha512-gvVzJFlPycKc5dZN4yPkP8w7Dc37BtP1yczEneOb4uq34pXZcvrtRTmWV8W+Ume+XCxKgbjM+nevkyFPMybd4Q==
